<Solution>
  <Folder Name="/src/">
    <Project Path="src/Momos.Host/Momos.Host.csproj" />
    <Project Path="src/Momos.Worker/Momos.Worker.csproj" />
  </Folder>
  <Folder Name="/tests/">
    <Project Path="tests/Momos.Worker.Tests/Momos.Worker.Tests.csproj" />
    <Project Path="tests/Momos.Host.Tests/Momos.Host.Tests.csproj" />
  </Folder>
</Solution>
